
Microsoft Visual Studio Solution File, Format Version 12.00
# Visual Studio Version 16
VisualStudioVersion = 16.0.31605.320
MinimumVisualStudioVersion = 10.0.40219.1
Project("{8BC9CEB8-8B4A-11D0-8D11-00A0C91BC942}") = "newEmul", "newEmul\newEmul.vcxproj", "{2537A1EB-6086-4693-82A6-D0B15EDE02B0}"
EndProject
Global
	GlobalSection(SolutionConfigurationPlatforms) = preSolution
		Debug|x64 = Debug|x64
		Debug|x86 = Debug|x86
		Release|x64 = Release|x64
		Release|x86 = Release|x86
	EndGlobalSection
	GlobalSection(ProjectConfigurationPlatforms) = postSolution
		{2537A1EB-6086-4693-82A6-D0B15EDE02B0}.Debug|x64.ActiveCfg = Debug|x64
		{2537A1EB-6086-4693-82A6-D0B15EDE02B0}.Debug|x64.Build.0 = Debug|x64
		{2537A1EB-6086-4693-82A6-D0B15EDE02B0}.Debug|x86.ActiveCfg = Debug|Win32
		{2537A1EB-6086-4693-82A6-D0B15EDE02B0}.Debug|x86.Build.0 = Debug|Win32
		{2537A1EB-6086-4693-82A6-D0B15EDE02B0}.Release|x64.ActiveCfg = Release|x64
		{2537A1EB-6086-4693-82A6-D0B15EDE02B0}.Release|x64.Build.0 = Release|x64
		{2537A1EB-6086-4693-82A6-D0B15EDE02B0}.Release|x86.ActiveCfg = Release|Win32
		{2537A1EB-6086-4693-82A6-D0B15EDE02B0}.Release|x86.Build.0 = Release|Win32
	EndGlobalSection
	GlobalSection(SolutionProperties) = preSolution
		HideSolutionNode = FALSE
	EndGlobalSection
	GlobalSection(ExtensibilityGlobals) = postSolution
		SolutionGuid = {E3143257-62FE-4ED9-BC9C-C59E972BD533}
	EndGlobalSection
EndGlobal
